// !$*UTF8*$!
{
	archiveVersion = 1;
	classes = {
	};
	objectVersion = 50;
	objects = {

/* Begin PBXBuildFile section */
		1F3EAFC423895DEA0090D1A3 /* Model.swift in Sources */ = {isa = PBXBuildFile; fileRef = 1F3EAFC323895DEA0090D1A3 /* Model.swift */; };
		1FA5309723897D7C00485972 /* CardView.swift in Sources */ = {isa = PBXBuildFile; fileRef = 1FA5309623897D7C00485972 /* CardView.swift */; };
		F946F98D2389569D007106D0 /* AppDelegate.swift in Sources */ = {isa = PBXBuildFile; fileRef = F946F98C2389569D007106D0 /* AppDelegate.swift */; };
		F946F98F2389569D007106D0 /* SceneDelegate.swift in Sources */ = {isa = PBXBuildFile; fileRef = F946F98E2389569D007106D0 /* SceneDelegate.swift */; };
		F946F9912389569D007106D0 /* ViewController.swift in Sources */ = {isa = PBXBuildFile; fileRef = F946F9902389569D007106D0 /* ViewController.swift */; };
		F946F9942389569D007106D0 /* Main.storyboard in Resources */ = {isa = PBXBuildFile; fileRef = F946F9922389569D007106D0 /* Main.storyboard */; };
		F946F9962389569E007106D0 /* Assets.xcassets in Resources */ = {isa = PBXBuildFile; fileRef = F946F9952389569E007106D0 /* Assets.xcassets */; };
		F946F9992389569E007106D0 /* LaunchScreen.storyboard in Resources */ = {isa = PBXBuildFile; fileRef = F946F9972389569E007106D0 /* LaunchScreen.storyboard */; };
/* End PBXBuildFile section */

/* Begin PBXFileReference section */
		1F3EAFC323895DEA0090D1A3 /* Model.swift */ = {isa = PBXFileReference; lastKnownFileType = sourcecode.swift; path = Model.swift; sourceTree = "<group>"; };
		1FA5309623897D7C00485972 /* CardView.swift */ = {isa = PBXFileReference; lastKnownFileType = sourcecode.swift; path = CardView.swift; sourceTree = "<group>"; };
		F946F9892389569D007106D0 /* CardShuffler.app */ = {isa = PBXFileReference; explicitFileType = wrapper.application; includeInIndex = 0; path = CardShuffler.app; sourceTree = BUILT_PRODUCTS_DIR; };
		F946F98C2389569D007106D0 /* AppDelegate.swift */ = {isa = PBXFileReference; lastKnownFileType = sourcecode.swift; path = AppDelegate.swift; sourceTree = "<group>"; };
		F946F98E2389569D007106D0 /* SceneDelegate.swift */ = {isa = PBXFileReference; lastKnownFileType = sourcecode.swift; path = SceneDelegate.swift; sourceTree = "<group>"; };
		F946F9902389569D007106D0 /* ViewController.swift */ = {isa = PBXFileReference; lastKnownFileType = sourcecode.swift; path = ViewController.swift; sourceTree = "<group>"; };
		F946F9932389569D007106D0 /* Base */ = {isa = PBXFileReference; lastKnownFileType = file.storyboard; name = Base; path = Base.lproj/Main.storyboard; sourceTree = "<group>"; };
		F946F9952389569E007106D0 /* Assets.xcassets */ = {isa = PBXFileReference; lastKnownFileType = folder.assetcatalog; path = Assets.xcassets; sourceTree = "<group>"; };
		F946F9982389569E007106D0 /* Base */ = {isa = PBXFileReference; lastKnownFileType = file.storyboard; name = Base; path = Base.lproj/LaunchScreen.storyboard; sourceTree = "<group>"; };
		F946F99A2389569E007106D0 /* Info.plist */ = {isa = PBXFileReference; lastKnownFileType = text.plist.xml; path = Info.plist; sourceTree = "<group>"; };
/* End PBXFileReference section */

/* Begin PBXFrameworksBuildPhase section */
		F946F9862389569D007106D0 /* Frameworks */ = {
			isa = PBXFrameworksBuildPhase;
			buildActionMask = 2147483647;
			files = (
			);
			runOnlyForDeploymentPostprocessing = 0;
		};
/* End PBXFrameworksBuildPhase section */

/* Begin PBXGroup section */
		1F3EAFC023895D080090D1A3 /* View */ = {
			isa = PBXGroup;
			children = (
				1FA5309623897D7C00485972 /* CardView.swift */,
			);
			path = View;
			sourceTree = "<group>";
		};
		1F3EAFC123895D310090D1A3 /* Controller */ = {
			isa = PBXGroup;
			children = (
				F946F9902389569D007106D0 /* ViewController.swift */,
				F946F98E2389569D007106D0 /* SceneDelegate.swift */,
				F946F98C2389569D007106D0 /* AppDelegate.swift */,
			);
			path = Controller;
			sourceTree = "<group>";
		};
		1F3EAFC223895D4A0090D1A3 /* Model */ = {
			isa = PBXGroup;
			children = (
				1F3EAFC323895DEA0090D1A3 /* Model.swift */,
			);
			path = Model;
			sourceTree = "<group>";
		};
		F946F9802389569D007106D0 = {
			isa = PBXGroup;
			children = (
				F946F98B2389569D007106D0 /* CardShuffler */,
				F946F98A2389569D007106D0 /* Products */,
			);
			sourceTree = "<group>";
		};
		F946F98A2389569D007106D0 /* Products */ = {
			isa = PBXGroup;
			children = (
				F946F9892389569D007106D0 /* CardShuffler.app */,
			);
			name = Products;
			sourceTree = "<group>";
		};
		F946F98B2389569D007106D0 /* CardShuffler */ = {
			isa = PBXGroup;
			children = (
				1F3EAFC223895D4A0090D1A3 /* Model */,
				1F3EAFC123895D310090D1A3 /* Controller */,
				1F3EAFC023895D080090D1A3 /* View */,
				F946F9922389569D007106D0 /* Main.storyboard */,
				F946F9952389569E007106D0 /* Assets.xcassets */,
				F946F9972389569E007106D0 /* LaunchScreen.storyboard */,
				F946F99A2389569E007106D0 /* Info.plist */,
			);
			path = CardShuffler;
			sourceTree = "<group>";
		};
/* End PBXGroup section */

/* Begin PBXNativeTarget section */
		F946F9882389569D007106D0 /* CardShuffler */ = {
			isa = PBXNativeTarget;
			buildConfigurationList = F946F99D2389569E007106D0 /* Build configuration list for PBXNativeTarget "CardShuffler" */;
			buildPhases = (
				F946F9852389569D007106D0 /* Sources */,
				F946F9862389569D007106D0 /* Frameworks */,
				F946F9872389569D007106D0 /* Resources */,
			);
			buildRules = (
			);
			dependencies = (
			);
			name = CardShuffler;
			productName = CardShuffler;
			productReference = F946F9892389569D007106D0 /* CardShuffler.app */;
			productType = "com.apple.product-type.application";
		};
/* End PBXNativeTarget section */

/* Begin PBXProject section */
		F946F9812389569D007106D0 /* Project object */ = {
			isa = PBXProject;
			attributes = {
				LastSwiftUpdateCheck = 1120;
				LastUpgradeCheck = 1120;
				ORGANIZATIONNAME = Karol;
				TargetAttributes = {
					F946F9882389569D007106D0 = {
						CreatedOnToolsVersion = 11.2;
					};
				};
			};
			buildConfigurationList = F946F9842389569D007106D0 /* Build configuration list for PBXProject "CardShuffler" */;
			compatibilityVersion = "Xcode 9.3";
			developmentRegion = en;
			hasScannedForEncodings = 0;
			knownRegions = (
				en,
				Base,
			);
			mainGroup = F946F9802389569D007106D0;
			productRefGroup = F946F98A2389569D007106D0 /* Products */;
			projectDirPath = "";
			projectRoot = "";
			targets = (
				F946F9882389569D007106D0 /* CardShuffler */,
			);
		};
/* End PBXProject section */

/* Begin PBXResourcesBuildPhase section */
		F946F9872389569D007106D0 /* Resources */ = {
			isa = PBXResourcesBuildPhase;
			buildActionMask = 2147483647;
			files = (
				F946F9992389569E007106D0 /* LaunchScreen.storyboard in Resources */,
				F946F9962389569E007106D0 /* Assets.xcassets in Resources */,
				F946F9942389569D007106D0 /* Main.storyboard in Resources */,
			);
			runOnlyForDeploymentPostprocessing = 0;
		};
/* End PBXResourcesBuildPhase section */

/* Begin PBXSourcesBuildPhase section */
		F946F9852389569D007106D0 /* Sources */ = {
			isa = PBXSourcesBuildPhase;
			buildActionMask = 2147483647;
			files = (
				F946F9912389569D007106D0 /* ViewController.swift in Sources */,
				F946F98D2389569D007106D0 /* AppDelegate.swift in Sources */,
				F946F98F2389569D007106D0 /* SceneDelegate.swift in Sources */,
				1F3EAFC423895DEA0090D1A3 /* Model.swift in Sources */,
				1FA5309723897D7C00485972 /* CardView.swift in Sources */,
			);
			runOnlyForDeploymentPostprocessing = 0;
		};
/* End PBXSourcesBuildPhase section */

/* Begin PBXVariantGroup section */
		F946F9922389569D007106D0 /* Main.storyboard */ = {
			isa = PBXVariantGroup;
			children = (
				F946F9932389569D007106D0 /* Base */,
			);
			name = Main.storyboard;
			sourceTree = "<group>";
		};
		F946F9972389569E007106D0 /* LaunchScreen.storyboard */ = {
			isa = PBXVariantGroup;
			children = (
				F946F9982389569E007106D0 /* Base */,
			);
			name = LaunchScreen.storyboard;
			sourceTree = "<group>";
		};
/* End PBXVariantGroup section */

/* Begin XCBuildConfiguration section */
		F946F99B2389569E007106D0 /* Debug */ = {
			isa = XCBuildConfiguration;
			buildSettings = {
				ALWAYS_SEARCH_USER_PATHS = NO;
				CLANG_ANALYZER_NONNULL = YES;
				CLANG_ANALYZER_NUMBER_OBJECT_CONVERSION = YES_AGGRESSIVE;
				CLANG_CXX_LANGUAGE_STANDARD = "gnu++14";
				CLANG_CXX_LIBRARY = "libc++";
				CLANG_ENABLE_MODULES = YES;
				CLANG_ENABLE_OBJC_ARC = YES;
				CLANG_ENABLE_OBJC_WEAK = YES;
				CLANG_WARN_BLOCK_CAPTURE_AUTORELEASING = YES;
				CLANG_WARN_BOOL_CONVERSION = YES;
				CLANG_WARN_COMMA = YES;
				CLANG_WARN_CONSTANT_CONVERSION = YES;
				CLANG_WARN_DEPRECATED_OBJC_IMPLEMENTATIONS = YES;
				CLANG_WARN_DIRECT_OBJC_ISA_USAGE = YES_ERROR;
				CLANG_WARN_DOCUMENTATION_COMMENTS = YES;
				CLANG_WARN_EMPTY_BODY = YES;
				CLANG_WARN_ENUM_CONVERSION = YES;
				CLANG_WARN_INFINITE_RECURSION = YES;
				CLANG_WARN_INT_CONVERSION = YES;
				CLANG_WARN_NON_LITERAL_NULL_CONVERSION = YES;
				CLANG_WARN_OBJC_IMPLICIT_RETAIN_SELF = YES;
				CLANG_WARN_OBJC_LITERAL_CONVERSION = YES;
				CLANG_WARN_OBJC_ROOT_CLASS = YES_ERROR;
				CLANG_WARN_RANGE_LOOP_ANALYSIS = YES;
				CLANG_WARN_STRICT_PROTOTYPES = YES;
				CLANG_WARN_SUSPICIOUS_MOVE = YES;
				CLANG_WARN_UNGUARDED_AVAILABILITY = YES_AGGRESSIVE;
				CLANG_WARN_UNREACHABLE_CODE = YES;
				CLANG_WARN__DUPLICATE_METHOD_MATCH = YES;
				COPY_PHASE_STRIP = NO;
				DEBUG_INFORMATION_FORMAT = dwarf;
				ENABLE_STRICT_OBJC_MSGSEND = YES;
				ENABLE_TESTABILITY = YES;
				GCC_C_LANGUAGE_STANDARD = gnu11;
				GCC_DYNAMIC_NO_PIC = NO;
				GCC_NO_COMMON_BLOCKS = YES;
				GCC_OPTIMIZATION_LEVEL = 0;
				GCC_PREPROCESSOR_DEFINITIONS = (
					"DEBUG=1",
					"$(inherited)",
				);
				GCC_WARN_64_TO_32_BIT_CONVERSION = YES;
				GCC_WARN_ABOUT_RETURN_TYPE = YES_ERROR;
				GCC_WARN_UNDECLARED_SELECTOR = YES;
				GCC_WARN_UNINITIALIZED_AUTOS = YES_AGGRESSIVE;
				GCC_WARN_UNUSED_FUNCTION = YES;
				GCC_WARN_UNUSED_VARIABLE = YES;
				IPHONEOS_DEPLOYMENT_TARGET = 13.2;
				MTL_ENABLE_DEBUG_INFO = INCLUDE_SOURCE;
				MTL_FAST_MATH = YES;
				ONLY_ACTIVE_ARCH = YES;
				SDKROOT = iphoneos;
				SWIFT_ACTIVE_COMPILATION_CONDITIONS = DEBUG;
				SWIFT_OPTIMIZATION_LEVEL = "-Onone";
			};
			name = Debug;
		};
		F946F99C2389569E007106D0 /* Release */ = {
			isa = XCBuildConfiguration;
			buildSettings = {
				ALWAYS_SEARCH_USER_PATHS = NO;
				CLANG_ANALYZER_NONNULL = YES;
				CLANG_ANALYZER_NUMBER_OBJECT_CONVERSION = YES_AGGRESSIVE;
				CLANG_CXX_LANGUAGE_STANDARD = "gnu++14";
				CLANG_CXX_LIBRARY = "libc++";
				CLANG_ENABLE_MODULES = YES;
				CLANG_ENABLE_OBJC_ARC = YES;
				CLANG_ENABLE_OBJC_WEAK = YES;
				CLANG_WARN_BLOCK_CAPTURE_AUTORELEASING = YES;
				CLANG_WARN_BOOL_CONVERSION = YES;
				CLANG_WARN_COMMA = YES;
				CLANG_WARN_CONSTANT_CONVERSION = YES;
				CLANG_WARN_DEPRECATED_OBJC_IMPLEMENTATIONS = YES;
				CLANG_WARN_DIRECT_OBJC_ISA_USAGE = YES_ERROR;
				CLANG_WARN_DOCUMENTATION_COMMENTS = YES;
				CLANG_WARN_EMPTY_BODY = YES;
				CLANG_WARN_ENUM_CONVERSION = YES;
				CLANG_WARN_INFINITE_RECURSION = YES;
				CLANG_WARN_INT_CONVERSION = YES;
				CLANG_WARN_NON_LITERAL_NULL_CONVERSION = YES;
				CLANG_WARN_OBJC_IMPLICIT_RETAIN_SELF = YES;
				CLANG_WARN_OBJC_LITERAL_CONVERSION = YES;
				CLANG_WARN_OBJC_ROOT_CLASS = YES_ERROR;
				CLANG_WARN_RANGE_LOOP_ANALYSIS = YES;
				CLANG_WARN_STRICT_PROTOTYPES = YES;
				CLANG_WARN_SUSPICIOUS_MOVE = YES;
				CLANG_WARN_UNGUARDED_AVAILABILITY = YES_AGGRESSIVE;
				CLANG_WARN_UNREACHABLE_CODE = YES;
				CLANG_WARN__DUPLICATE_METHOD_MATCH = YES;
				COPY_PHASE_STRIP = NO;
				DEBUG_INFORMATION_FORMAT = "dwarf-with-dsym";
				ENABLE_NS_ASSERTIONS = NO;
				ENABLE_STRICT_OBJC_MSGSEND = YES;
				GCC_C_LANGUAGE_STANDARD = gnu11;
				GCC_NO_COMMON_BLOCKS = YES;
				GCC_WARN_64_TO_32_BIT_CONVERSION = YES;
				GCC_WARN_ABOUT_RETURN_TYPE = YES_ERROR;
				GCC_WARN_UNDECLARED_SELECTOR = YES;
				GCC_WARN_UNINITIALIZED_AUTOS = YES_AGGRESSIVE;
				GCC_WARN_UNUSED_FUNCTION = YES;
				GCC_WARN_UNUSED_VARIABLE = YES;
				IPHONEOS_DEPLOYMENT_TARGET = 13.2;
				MTL_ENABLE_DEBUG_INFO = NO;
				MTL_FAST_MATH = YES;
				SDKROOT = iphoneos;
				SWIFT_COMPILATION_MODE = wholemodule;
				SWIFT_OPTIMIZATION_LEVEL = "-O";
				VALIDATE_PRODUCT = YES;
			};
			name = Release;
		};
		F946F99E2389569E007106D0 /* Debug */ = {
			isa = XCBuildConfiguration;
			buildSettings = {
				ASSETCATALOG_COMPILER_APPICON_NAME = AppIcon;
				CODE_SIGN_STYLE = Automatic;
				DEVELOPMENT_TEAM = 24C92L3HM3;
				INFOPLIST_FILE = CardShuffler/Info.plist;
				LD_RUNPATH_SEARCH_PATHS = (
					"$(inherited)",
					"@executable_path/Frameworks",
				);
				PRODUCT_BUNDLE_IDENTIFIER = struna.CardShuffler;
				PRODUCT_NAME = "$(TARGET_NAME)";
				SWIFT_VERSION = 5.0;
				TARGETED_DEVICE_FAMILY = "1,2";
			};
			name = Debug;
		};
		F946F99F2389569E007106D0 /* Release */ = {
			isa = XCBuildConfiguration;
			buildSettings = {
				ASSETCATALOG_COMPILER_APPICON_NAME = AppIcon;
				CODE_SIGN_STYLE = Automatic;
				DEVELOPMENT_TEAM = 24C92L3HM3;
				INFOPLIST_FILE = CardShuffler/Info.plist;
				LD_RUNPATH_SEARCH_PATHS = (
					"$(inherited)",
					"@executable_path/Frameworks",
				);
				PRODUCT_BUNDLE_IDENTIFIER = struna.CardShuffler;
				PRODUCT_NAME = "$(TARGET_NAME)";
				SWIFT_VERSION = 5.0;
				TARGETED_DEVICE_FAMILY = "1,2";
			};
			name = Release;
		};
/* End XCBuildConfiguration section */

/* Begin XCConfigurationList section */
		F946F9842389569D007106D0 /* Build configuration list for PBXProject "CardShuffler" */ = {
			isa = XCConfigurationList;
			buildConfigurations = (
				F946F99B2389569E007106D0 /* Debug */,
				F946F99C2389569E007106D0 /* Release */,
			);
			defaultConfigurationIsVisible = 0;
			defaultConfigurationName = Release;
		};
		F946F99D2389569E007106D0 /* Build configuration list for PBXNativeTarget "CardShuffler" */ = {
			isa = XCConfigurationList;
			buildConfigurations = (
				F946F99E2389569E007106D0 /* Debug */,
				F946F99F2389569E007106D0 /* Release */,
			);
			defaultConfigurationIsVisible = 0;
			defaultConfigurationName = Release;
		};
/* End XCConfigurationList section */
	};
	rootObject = F946F9812389569D007106D0 /* Project object */;
}
